dependencies:
- name: stiebeleltron-exporter
  repository: https://ccremer.github.io/charts
  version: 0.1.1
- name: influxdb2
  repository: https://helm.influxdata.com
  version: 2.1.2
digest: sha256:cd6d77c8b9877370822f22c1ba8385fe0055ee669f3841f62d103bbe78ca38f4
generated: "2023-12-04T17:10:24.494696299Z"
