dependencies:
- name: stiebeleltron-exporter
  repository: https://ccremer.github.io/charts
  version: 0.1.1
- name: influxdb2
  repository: https://helm.influxdata.com
  version: 2.0.4
digest: sha256:d9ccd8efe32fa75a7259f031469021671152303eb3388eeb1532f30323bd39a6
generated: "2022-01-02T19:20:11.057517417+01:00"
