dependencies:
- name: fronius-exporter
  repository: https://ccremer.github.io/charts
  version: 0.8.1
- name: influxdb2
  repository: https://helm.influxdata.com
  version: 2.0.2
digest: sha256:4a07f1d8da2db0106154dce815fc48ab38ca4b8bf30e9ac5a18be603b3823665
generated: "2021-11-24T16:05:02.248733163Z"
