dependencies:
- name: fronius-exporter
  repository: https://ccremer.github.io/charts
  version: 0.8.0
- name: influxdb2
  repository: https://helm.influxdata.com
  version: 2.0.1
digest: sha256:b64dbb9c97ad992dd54959dcf0e92da0b3f507e6ece3567c6be6b11b10d3e89e
generated: "2021-08-13T01:01:36.524491539+02:00"
