dependencies:
- name: fronius-exporter
  repository: https://ccremer.github.io/charts
  version: 0.8.1
- name: influxdb2
  repository: https://helm.influxdata.com
  version: 2.0.1
digest: sha256:c2a8ef2c9e8519232c3d9c14f1cacc0e9bcbadebfe140ebde4b561a6946358b3
generated: "2021-11-14T10:47:13.91054599Z"
